
Microsoft Visual Studio Solution File, Format Version 12.00
# Visual Studio Version 16
VisualStudioVersion = 16.0.31911.196
MinimumVisualStudioVersion = 10.0.40219.1
Project("{FAE04EC0-301F-11D3-BF4B-00C04F79EFBC}") = "Abc.Entity", "Abc.Entity\Abc.Entity.csproj", "{E7954C0B-4C60-4D02-BC59-3FEEEC50896B}"
EndProject
Project("{FAE04EC0-301F-11D3-BF4B-00C04F79EFBC}") = "Abc.Business", "Abc.Business\Abc.Business.csproj", "{3C16213F-4137-4BEB-85D3-39FBDBFFAD2D}"
EndProject
Project("{FAE04EC0-301F-11D3-BF4B-00C04F79EFBC}") = "Abc.DataAccess", "Abc.DataAccess\Abc.DataAccess.csproj", "{991E6CCF-6A84-4F7C-AD3F-0615CF869D57}"
EndProject
Project("{FAE04EC0-301F-11D3-BF4B-00C04F79EFBC}") = "Abc.Core", "Abc.Core\Abc.Core.csproj", "{DD3E96C2-D815-4F6B-AE4B-CEC1312F6916}"
EndProject
Project("{FAE04EC0-301F-11D3-BF4B-00C04F79EFBC}") = "Abc.UI", "Abc.UI\Abc.UI.csproj", "{5D083A74-771D-4E73-8C20-FB9364BA8412}"
EndProject
Global
	GlobalSection(SolutionConfigurationPlatforms) = preSolution
		Debug|Any CPU = Debug|Any CPU
		Release|Any CPU = Release|Any CPU
	EndGlobalSection
	GlobalSection(ProjectConfigurationPlatforms) = postSolution
		{E7954C0B-4C60-4D02-BC59-3FEEEC50896B}.Debug|Any CPU.ActiveCfg = Debug|Any CPU
		{E7954C0B-4C60-4D02-BC59-3FEEEC50896B}.Debug|Any CPU.Build.0 = Debug|Any CPU
		{E7954C0B-4C60-4D02-BC59-3FEEEC50896B}.Release|Any CPU.ActiveCfg = Release|Any CPU
		{E7954C0B-4C60-4D02-BC59-3FEEEC50896B}.Release|Any CPU.Build.0 = Release|Any CPU
		{3C16213F-4137-4BEB-85D3-39FBDBFFAD2D}.Debug|Any CPU.ActiveCfg = Debug|Any CPU
		{3C16213F-4137-4BEB-85D3-39FBDBFFAD2D}.Debug|Any CPU.Build.0 = Debug|Any CPU
		{3C16213F-4137-4BEB-85D3-39FBDBFFAD2D}.Release|Any CPU.ActiveCfg = Release|Any CPU
		{3C16213F-4137-4BEB-85D3-39FBDBFFAD2D}.Release|Any CPU.Build.0 = Release|Any CPU
		{991E6CCF-6A84-4F7C-AD3F-0615CF869D57}.Debug|Any CPU.ActiveCfg = Debug|Any CPU
		{991E6CCF-6A84-4F7C-AD3F-0615CF869D57}.Debug|Any CPU.Build.0 = Debug|Any CPU
		{991E6CCF-6A84-4F7C-AD3F-0615CF869D57}.Release|Any CPU.ActiveCfg = Release|Any CPU
		{991E6CCF-6A84-4F7C-AD3F-0615CF869D57}.Release|Any CPU.Build.0 = Release|Any CPU
		{DD3E96C2-D815-4F6B-AE4B-CEC1312F6916}.Debug|Any CPU.ActiveCfg = Debug|Any CPU
		{DD3E96C2-D815-4F6B-AE4B-CEC1312F6916}.Debug|Any CPU.Build.0 = Debug|Any CPU
		{DD3E96C2-D815-4F6B-AE4B-CEC1312F6916}.Release|Any CPU.ActiveCfg = Release|Any CPU
		{DD3E96C2-D815-4F6B-AE4B-CEC1312F6916}.Release|Any CPU.Build.0 = Release|Any CPU
		{5D083A74-771D-4E73-8C20-FB9364BA8412}.Debug|Any CPU.ActiveCfg = Debug|Any CPU
		{5D083A74-771D-4E73-8C20-FB9364BA8412}.Debug|Any CPU.Build.0 = Debug|Any CPU
		{5D083A74-771D-4E73-8C20-FB9364BA8412}.Release|Any CPU.ActiveCfg = Release|Any CPU
		{5D083A74-771D-4E73-8C20-FB9364BA8412}.Release|Any CPU.Build.0 = Release|Any CPU
	EndGlobalSection
	GlobalSection(SolutionProperties) = preSolution
		HideSolutionNode = FALSE
	EndGlobalSection
	GlobalSection(ExtensibilityGlobals) = postSolution
		SolutionGuid = {94B708FD-7BB8-44BB-B773-B7B5EDD0D7F5}
	EndGlobalSection
EndGlobal
